PODS:
  - Nuke (9.1.1)
  - OHHTTPStubs/Core (9.0.0)
  - OHHTTPStubs/Default (9.0.0):
    - OHHTTPStubs/Core
    - OHHTTPStubs/JSON
    - OHHTTPStubs/NSURLSession
    - OHHTTPStubs/OHPathHelpers
  - OHHTTPStubs/JSON (9.0.0):
    - OHHTTPStubs/Core
  - OHHTTPStubs/NSURLSession (9.0.0):
    - OHHTTPStubs/Core
  - OHHTTPStubs/OHPathHelpers (9.0.0)
  - OHHTTPStubs/Swift (9.0.0):
    - OHHTTPStubs/Default
  - Sourcery (0.18.0)
  - SwiftLint (0.39.2)
  - SwiftyMocky (3.5.0):
    - SwiftyMocky/Core (= 3.5.0)
  - SwiftyMocky/Core (3.5.0):
    - Sourcery (>= 0.17)
  - Swinject (2.7.1)

DEPENDENCIES:
  - Nuke (~> 9.1.1)
  - OHHTTPStubs/Swift (~> 9.0.0)
  - SwiftLint (~> 0.39)
  - SwiftyMocky (~> 3.5)
  - Swinject (~> 2.7)

SPEC REPOS:
  trunk:
    - Nuke
    - OHHTTPStubs
    - Sourcery
    - SwiftLint
    - SwiftyMocky
    - Swinject

SPEC CHECKSUMS:
  Nuke: af4301b154d3afd8a3b045a5194a9a773a00b7a8
  OHHTTPStubs: cb29d2a9d09a828ecb93349a2b0c64f99e0db89f
  Sourcery: e0e8658a1ce6d9f475156ad3ffce4c68f1261b3e
  SwiftLint: 22ccbbe3b8008684be5955693bab135e0ed6a447
  SwiftyMocky: f277174040db328a9da04ce8efa81b6d6d5b9d7d
  Swinject: ddf78b8486dd9b71a667b852cad919ab4484478e

PODFILE CHECKSUM: d65bbbd8efdba5068fe65c1606386ed231bc4f93

COCOAPODS: 1.9.3
