// !$*UTF8*$!
{
	archiveVersion = 1;
	classes = {
	};
	objectVersion = 51;
	objects = {

/* Begin PBXBuildFile section */
		58AE9457DA5D58EDCC086594 /* Pods_GiantGamesTests.framework in Frameworks */ = {isa = PBXBuildFile; fileRef = 7E94386C80C06011F2350431 /* Pods_GiantGamesTests.framework */; };
		C723722624BF3CD8008F9E6D /* GameDetailVideoCollectionViewCell.swift in Sources */ = {isa = PBXBuildFile; fileRef = C723722524BF3CD8008F9E6D /* GameDetailVideoCollectionViewCell.swift */; };
		C723722824BF3CE0008F9E6D /* GameDetailVideoCollectionViewCell.xib in Resources */ = {isa = PBXBuildFile; fileRef = C723722724BF3CE0008F9E6D /* GameDetailVideoCollectionViewCell.xib */; };
		C76B01B624BF4BA4006D974B /* GameDetailLocales.swift in Sources */ = {isa = PBXBuildFile; fileRef = C76B01B524BF4BA4006D974B /* GameDetailLocales.swift */; };
		C7901CFB24BE4DB800692F2F /* GameDetailMediaCollectionView.swift in Sources */ = {isa = PBXBuildFile; fileRef = C7901CFA24BE4DB800692F2F /* GameDetailMediaCollectionView.swift */; };
		C7901CFE24BE4EF600692F2F /* GameDetailImageCollectionViewCell.swift in Sources */ = {isa = PBXBuildFile; fileRef = C7901CFD24BE4EF600692F2F /* GameDetailImageCollectionViewCell.swift */; };
		C7901D0024BE4EFE00692F2F /* GameDetailImageCollectionViewCell.xib in Resources */ = {isa = PBXBuildFile; fileRef = C7901CFF24BE4EFE00692F2F /* GameDetailImageCollectionViewCell.xib */; };
		C7901D0224BE4FB000692F2F /* UICollectionView+GG.swift in Sources */ = {isa = PBXBuildFile; fileRef = C7901D0124BE4FB000692F2F /* UICollectionView+GG.swift */; };
		C7901D0424BE53CB00692F2F /* UIImageView+Fullscreen.swift in Sources */ = {isa = PBXBuildFile; fileRef = C7901D0324BE53CB00692F2F /* UIImageView+Fullscreen.swift */; };
		C7901D0624BE53F000692F2F /* UIWindow+TopViewController.swift in Sources */ = {isa = PBXBuildFile; fileRef = C7901D0524BE53F000692F2F /* UIWindow+TopViewController.swift */; };
		C79A54A924BD060200AC0C46 /* GameDetailPresenter.swift in Sources */ = {isa = PBXBuildFile; fileRef = C79A54A224BD060200AC0C46 /* GameDetailPresenter.swift */; };
		C79A54AA24BD060200AC0C46 /* GameDetailRouter.swift in Sources */ = {isa = PBXBuildFile; fileRef = C79A54A324BD060200AC0C46 /* GameDetailRouter.swift */; };
		C79A54AB24BD060200AC0C46 /* GameDetailViewController.swift in Sources */ = {isa = PBXBuildFile; fileRef = C79A54A424BD060200AC0C46 /* GameDetailViewController.swift */; };
		C79A54AC24BD060200AC0C46 /* GameDetailProtocols.swift in Sources */ = {isa = PBXBuildFile; fileRef = C79A54A524BD060200AC0C46 /* GameDetailProtocols.swift */; };
		C79A54AD24BD060200AC0C46 /* GameDetailBuilder.swift in Sources */ = {isa = PBXBuildFile; fileRef = C79A54A624BD060200AC0C46 /* GameDetailBuilder.swift */; };
		C79A54AE24BD060200AC0C46 /* GameDetailInteractor.swift in Sources */ = {isa = PBXBuildFile; fileRef = C79A54A724BD060200AC0C46 /* GameDetailInteractor.swift */; };
		C79A54AF24BD060200AC0C46 /* GameDetailViewController.xib in Resources */ = {isa = PBXBuildFile; fileRef = C79A54A824BD060200AC0C46 /* GameDetailViewController.xib */; };
		C79A54B624BDF90200AC0C46 /* GameImage.swift in Sources */ = {isa = PBXBuildFile; fileRef = C79A54B524BDF90200AC0C46 /* GameImage.swift */; };
		C79A54B824BDF92E00AC0C46 /* GameImageCodable.swift in Sources */ = {isa = PBXBuildFile; fileRef = C79A54B724BDF92E00AC0C46 /* GameImageCodable.swift */; };
		C79A54BA24BDF97B00AC0C46 /* Endpoint+Cover.swift in Sources */ = {isa = PBXBuildFile; fileRef = C79A54B924BDF97B00AC0C46 /* Endpoint+Cover.swift */; };
		C79A54BC24BDF9B200AC0C46 /* GameImageService.swift in Sources */ = {isa = PBXBuildFile; fileRef = C79A54BB24BDF9B200AC0C46 /* GameImageService.swift */; };
		C79A54BE24BE009200AC0C46 /* UIImageView+URL.swift in Sources */ = {isa = PBXBuildFile; fileRef = C79A54BD24BE009200AC0C46 /* UIImageView+URL.swift */; };
		C79A54C224BE2F2500AC0C46 /* UIView+RoundCorners.swift in Sources */ = {isa = PBXBuildFile; fileRef = C79A54C124BE2F2500AC0C46 /* UIView+RoundCorners.swift */; };
		C79A54C624BE382E00AC0C46 /* Endpoint+Screenshot.swift in Sources */ = {isa = PBXBuildFile; fileRef = C79A54C524BE382E00AC0C46 /* Endpoint+Screenshot.swift */; };
		C7B5146B24BB68B7003760E1 /* AppDelegate.swift in Sources */ = {isa = PBXBuildFile; fileRef = C7B5146A24BB68B7003760E1 /* AppDelegate.swift */; };
		C7B5147424BB68B9003760E1 /* Assets.xcassets in Resources */ = {isa = PBXBuildFile; fileRef = C7B5147324BB68B9003760E1 /* Assets.xcassets */; };
		C7B5149024BB6BF2003760E1 /* DependencyInjection.swift in Sources */ = {isa = PBXBuildFile; fileRef = C7B5148F24BB6BF2003760E1 /* DependencyInjection.swift */; };
		C7B5149A24BB6D6F003760E1 /* HomePresenter.swift in Sources */ = {isa = PBXBuildFile; fileRef = C7B5149324BB6D6F003760E1 /* HomePresenter.swift */; };
		C7B5149B24BB6D6F003760E1 /* HomeRouter.swift in Sources */ = {isa = PBXBuildFile; fileRef = C7B5149424BB6D6F003760E1 /* HomeRouter.swift */; };
		C7B5149C24BB6D6F003760E1 /* HomeViewController.swift in Sources */ = {isa = PBXBuildFile; fileRef = C7B5149524BB6D6F003760E1 /* HomeViewController.swift */; };
		C7B5149D24BB6D6F003760E1 /* HomeProtocols.swift in Sources */ = {isa = PBXBuildFile; fileRef = C7B5149624BB6D6F003760E1 /* HomeProtocols.swift */; };
		C7B5149E24BB6D6F003760E1 /* HomeBuilder.swift in Sources */ = {isa = PBXBuildFile; fileRef = C7B5149724BB6D6F003760E1 /* HomeBuilder.swift */; };
		C7B5149F24BB6D6F003760E1 /* HomeInteractor.swift in Sources */ = {isa = PBXBuildFile; fileRef = C7B5149824BB6D6F003760E1 /* HomeInteractor.swift */; };
		C7B514A024BB6D6F003760E1 /* HomeViewController.xib in Resources */ = {isa = PBXBuildFile; fileRef = C7B5149924BB6D6F003760E1 /* HomeViewController.xib */; };
		C7B514A424BB71A7003760E1 /* ApiClient.swift in Sources */ = {isa = PBXBuildFile; fileRef = C7B514A324BB71A7003760E1 /* ApiClient.swift */; };
		C7B514A624BB723D003760E1 /* Endpoint.swift in Sources */ = {isa = PBXBuildFile; fileRef = C7B514A524BB723D003760E1 /* Endpoint.swift */; };
		C7B514A824BB7291003760E1 /* APIClientLogger.swift in Sources */ = {isa = PBXBuildFile; fileRef = C7B514A724BB7291003760E1 /* APIClientLogger.swift */; };
		C7B514AC24BB7324003760E1 /* URLRequest+cURLString.swift in Sources */ = {isa = PBXBuildFile; fileRef = C7B514AB24BB7324003760E1 /* URLRequest+cURLString.swift */; };
		C7B514AE24BB735A003760E1 /* NoResult.swift in Sources */ = {isa = PBXBuildFile; fileRef = C7B514AD24BB735A003760E1 /* NoResult.swift */; };
		C7B514B324BB7AA6003760E1 /* Endpoint+Game.swift in Sources */ = {isa = PBXBuildFile; fileRef = C7B514B224BB7AA6003760E1 /* Endpoint+Game.swift */; };
		C7B514B524BB7B45003760E1 /* GameCodable.swift in Sources */ = {isa = PBXBuildFile; fileRef = C7B514B424BB7B45003760E1 /* GameCodable.swift */; };
		C7B514B824BB7CEE003760E1 /* DomainProtocols.swift in Sources */ = {isa = PBXBuildFile; fileRef = C7B514B724BB7CEE003760E1 /* DomainProtocols.swift */; };
		C7B514BB24BB7D37003760E1 /* Game.swift in Sources */ = {isa = PBXBuildFile; fileRef = C7B514BA24BB7D37003760E1 /* Game.swift */; };
		C7B514BE24BB7DB5003760E1 /* GameService.swift in Sources */ = {isa = PBXBuildFile; fileRef = C7B514BD24BB7DB5003760E1 /* GameService.swift */; };
		C7B514C224BB8629003760E1 /* UITableView+GG.swift in Sources */ = {isa = PBXBuildFile; fileRef = C7B514C124BB8629003760E1 /* UITableView+GG.swift */; };
		C7B514C524BB868E003760E1 /* GameCell.swift in Sources */ = {isa = PBXBuildFile; fileRef = C7B514C424BB868E003760E1 /* GameCell.swift */; };
		C7B514C724BB8697003760E1 /* GameCell.xib in Resources */ = {isa = PBXBuildFile; fileRef = C7B514C624BB8697003760E1 /* GameCell.xib */; };
		C7B514C924BB8898003760E1 /* String+Class.swift in Sources */ = {isa = PBXBuildFile; fileRef = C7B514C824BB8898003760E1 /* String+Class.swift */; };
		C7B514CB24BB9058003760E1 /* HomeLocales.swift in Sources */ = {isa = PBXBuildFile; fileRef = C7B514CA24BB9058003760E1 /* HomeLocales.swift */; };
		C7B514CD24BB90A5003760E1 /* String+Localization.swift in Sources */ = {isa = PBXBuildFile; fileRef = C7B514CC24BB90A5003760E1 /* String+Localization.swift */; };
		C7B514D924BB9206003760E1 /* LaunchScreen.storyboard in Resources */ = {isa = PBXBuildFile; fileRef = C7B514D824BB9206003760E1 /* LaunchScreen.storyboard */; };
		C7B514F524BB92E2003760E1 /* InfoPlist.strings in Resources */ = {isa = PBXBuildFile; fileRef = C7B514EF24BB92E2003760E1 /* InfoPlist.strings */; };
		C7B514F624BB92E2003760E1 /* Localizable.stringsdict in Resources */ = {isa = PBXBuildFile; fileRef = C7B514F124BB92E2003760E1 /* Localizable.stringsdict */; };
		C7B514F724BB92E2003760E1 /* Localizable.strings in Resources */ = {isa = PBXBuildFile; fileRef = C7B514F324BB92E2003760E1 /* Localizable.strings */; };
		C7B5150524BBB46D003760E1 /* HomeTests.swift in Sources */ = {isa = PBXBuildFile; fileRef = C7B5150424BBB46D003760E1 /* HomeTests.swift */; };
		C7B5150724BBB4B2003760E1 /* Mock.generated.swift in Sources */ = {isa = PBXBuildFile; fileRef = C7B5150624BBB4B1003760E1 /* Mock.generated.swift */; };
		C7B5150B24BC3DC4003760E1 /* GameMock.swift in Sources */ = {isa = PBXBuildFile; fileRef = C7B5150A24BC3DC4003760E1 /* GameMock.swift */; };
		C7BD3C2B24BF140300E24DAC /* Endpoint+GameVideos.swift in Sources */ = {isa = PBXBuildFile; fileRef = C7BD3C2A24BF140300E24DAC /* Endpoint+GameVideos.swift */; };
		C7BD3C2D24BF15E400E24DAC /* GameVideoService.swift in Sources */ = {isa = PBXBuildFile; fileRef = C7BD3C2C24BF15E400E24DAC /* GameVideoService.swift */; };
		C7BD3C2F24BF162800E24DAC /* GameVideo.swift in Sources */ = {isa = PBXBuildFile; fileRef = C7BD3C2E24BF162800E24DAC /* GameVideo.swift */; };
		C7BD3C3124BF164F00E24DAC /* GameVideoCodable.swift in Sources */ = {isa = PBXBuildFile; fileRef = C7BD3C3024BF164F00E24DAC /* GameVideoCodable.swift */; };
		E97CEB636B62F2B46D9DF006 /* Pods_GiantGames.framework in Frameworks */ = {isa = PBXBuildFile; fileRef = B3E5E80E6D14A5577E733EDC /* Pods_GiantGames.framework */; };
/* End PBXBuildFile section */

/* Begin PBXContainerItemProxy section */
		C7B5147E24BB68B9003760E1 /* PBXContainerItemProxy */ = {
			isa = PBXContainerItemProxy;
			containerPortal = C7B5145F24BB68B7003760E1 /* Project object */;
			proxyType = 1;
			remoteGlobalIDString = C7B5146624BB68B7003760E1;
			remoteInfo = GiantGames;
		};
/* End PBXContainerItemProxy section */

/* Begin PBXFileReference section */
		216C57A5A88F4736C56CA58F /* Pods-GiantGamesTests.release.xcconfig */ = {isa = PBXFileReference; includeInIndex = 1; lastKnownFileType = text.xcconfig; name = "Pods-GiantGamesTests.release.xcconfig"; path = "Target Support Files/Pods-GiantGamesTests/Pods-GiantGamesTests.release.xcconfig"; sourceTree = "<group>"; };
		32053BDD4D1039C11657A045 /* Pods-GiantGamesTests.debug.xcconfig */ = {isa = PBXFileReference; includeInIndex = 1; lastKnownFileType = text.xcconfig; name = "Pods-GiantGamesTests.debug.xcconfig"; path = "Target Support Files/Pods-GiantGamesTests/Pods-GiantGamesTests.debug.xcconfig"; sourceTree = "<group>"; };
		7E94386C80C06011F2350431 /* Pods_GiantGamesTests.framework */ = {isa = PBXFileReference; explicitFileType = wrapper.framework; includeInIndex = 0; path = Pods_GiantGamesTests.framework; sourceTree = BUILT_PRODUCTS_DIR; };
		A173B29BA73E030CE2F756E2 /* Pods-GiantGames.release.xcconfig */ = {isa = PBXFileReference; includeInIndex = 1; lastKnownFileType = text.xcconfig; name = "Pods-GiantGames.release.xcconfig"; path = "Target Support Files/Pods-GiantGames/Pods-GiantGames.release.xcconfig"; sourceTree = "<group>"; };
		B3AF01CFB2F62076D175F474 /* Pods-GiantGames.debug.xcconfig */ = {isa = PBXFileReference; includeInIndex = 1; lastKnownFileType = text.xcconfig; name = "Pods-GiantGames.debug.xcconfig"; path = "Target Support Files/Pods-GiantGames/Pods-GiantGames.debug.xcconfig"; sourceTree = "<group>"; };
		B3E5E80E6D14A5577E733EDC /* Pods_GiantGames.framework */ = {isa = PBXFileReference; explicitFileType = wrapper.framework; includeInIndex = 0; path = Pods_GiantGames.framework; sourceTree = BUILT_PRODUCTS_DIR; };
		C723722524BF3CD8008F9E6D /* GameDetailVideoCollectionViewCell.swift */ = {isa = PBXFileReference; lastKnownFileType = sourcecode.swift; path = GameDetailVideoCollectionViewCell.swift; sourceTree = "<group>"; };
		C723722724BF3CE0008F9E6D /* GameDetailVideoCollectionViewCell.xib */ = {isa = PBXFileReference; lastKnownFileType = file.xib; path = GameDetailVideoCollectionViewCell.xib; sourceTree = "<group>"; };
		C76B01B524BF4BA4006D974B /* GameDetailLocales.swift */ = {isa = PBXFileReference; lastKnownFileType = sourcecode.swift; path = GameDetailLocales.swift; sourceTree = "<group>"; };
		C7901CFA24BE4DB800692F2F /* GameDetailMediaCollectionView.swift */ = {isa = PBXFileReference; lastKnownFileType = sourcecode.swift; path = GameDetailMediaCollectionView.swift; sourceTree = "<group>"; };
		C7901CFD24BE4EF600692F2F /* GameDetailImageCollectionViewCell.swift */ = {isa = PBXFileReference; lastKnownFileType = sourcecode.swift; path = GameDetailImageCollectionViewCell.swift; sourceTree = "<group>"; };
		C7901CFF24BE4EFE00692F2F /* GameDetailImageCollectionViewCell.xib */ = {isa = PBXFileReference; lastKnownFileType = file.xib; path = GameDetailImageCollectionViewCell.xib; sourceTree = "<group>"; };
		C7901D0124BE4FB000692F2F /* UICollectionView+GG.swift */ = {isa = PBXFileReference; lastKnownFileType = sourcecode.swift; path = "UICollectionView+GG.swift"; sourceTree = "<group>"; };
		C7901D0324BE53CB00692F2F /* UIImageView+Fullscreen.swift */ = {isa = PBXFileReference; lastKnownFileType = sourcecode.swift; path = "UIImageView+Fullscreen.swift"; sourceTree = "<group>"; };
		C7901D0524BE53F000692F2F /* UIWindow+TopViewController.swift */ = {isa = PBXFileReference; lastKnownFileType = sourcecode.swift; path = "UIWindow+TopViewController.swift"; sourceTree = "<group>"; };
		C79A54A224BD060200AC0C46 /* GameDetailPresenter.swift */ = {isa = PBXFileReference; lastKnownFileType = sourcecode.swift; path = GameDetailPresenter.swift; sourceTree = "<group>"; };
		C79A54A324BD060200AC0C46 /* GameDetailRouter.swift */ = {isa = PBXFileReference; lastKnownFileType = sourcecode.swift; path = GameDetailRouter.swift; sourceTree = "<group>"; };
		C79A54A424BD060200AC0C46 /* GameDetailViewController.swift */ = {isa = PBXFileReference; lastKnownFileType = sourcecode.swift; path = GameDetailViewController.swift; sourceTree = "<group>"; };
		C79A54A524BD060200AC0C46 /* GameDetailProtocols.swift */ = {isa = PBXFileReference; lastKnownFileType = sourcecode.swift; path = GameDetailProtocols.swift; sourceTree = "<group>"; };
		C79A54A624BD060200AC0C46 /* GameDetailBuilder.swift */ = {isa = PBXFileReference; lastKnownFileType = sourcecode.swift; path = GameDetailBuilder.swift; sourceTree = "<group>"; };
		C79A54A724BD060200AC0C46 /* GameDetailInteractor.swift */ = {isa = PBXFileReference; lastKnownFileType = sourcecode.swift; path = GameDetailInteractor.swift; sourceTree = "<group>"; };
		C79A54A824BD060200AC0C46 /* GameDetailViewController.xib */ = {isa = PBXFileReference; lastKnownFileType = file.xib; path = GameDetailViewController.xib; sourceTree = "<group>"; };
		C79A54B524BDF90200AC0C46 /* GameImage.swift */ = {isa = PBXFileReference; lastKnownFileType = sourcecode.swift; path = GameImage.swift; sourceTree = "<group>"; };
		C79A54B724BDF92E00AC0C46 /* GameImageCodable.swift */ = {isa = PBXFileReference; lastKnownFileType = sourcecode.swift; path = GameImageCodable.swift; sourceTree = "<group>"; };
		C79A54B924BDF97B00AC0C46 /* Endpoint+Cover.swift */ = {isa = PBXFileReference; lastKnownFileType = sourcecode.swift; path = "Endpoint+Cover.swift"; sourceTree = "<group>"; };
		C79A54BB24BDF9B200AC0C46 /* GameImageService.swift */ = {isa = PBXFileReference; lastKnownFileType = sourcecode.swift; path = GameImageService.swift; sourceTree = "<group>"; };
		C79A54BD24BE009200AC0C46 /* UIImageView+URL.swift */ = {isa = PBXFileReference; lastKnownFileType = sourcecode.swift; path = "UIImageView+URL.swift"; sourceTree = "<group>"; };
		C79A54C124BE2F2500AC0C46 /* UIView+RoundCorners.swift */ = {isa = PBXFileReference; lastKnownFileType = sourcecode.swift; path = "UIView+RoundCorners.swift"; sourceTree = "<group>"; };
		C79A54C524BE382E00AC0C46 /* Endpoint+Screenshot.swift */ = {isa = PBXFileReference; lastKnownFileType = sourcecode.swift; path = "Endpoint+Screenshot.swift"; sourceTree = "<group>"; };
		C7B5146724BB68B7003760E1 /* GiantGames.app */ = {isa = PBXFileReference; explicitFileType = wrapper.application; includeInIndex = 0; path = GiantGames.app; sourceTree = BUILT_PRODUCTS_DIR; };
		C7B5146A24BB68B7003760E1 /* AppDelegate.swift */ = {isa = PBXFileReference; lastKnownFileType = sourcecode.swift; path = AppDelegate.swift; sourceTree = "<group>"; };
		C7B5147324BB68B9003760E1 /* Assets.xcassets */ = {isa = PBXFileReference; lastKnownFileType = folder.assetcatalog; path = Assets.xcassets; sourceTree = "<group>"; };
		C7B5147824BB68B9003760E1 /* Info.plist */ = {isa = PBXFileReference; lastKnownFileType = text.plist.xml; path = Info.plist; sourceTree = "<group>"; };
		C7B5147D24BB68B9003760E1 /* GiantGamesTests.xctest */ = {isa = PBXFileReference; explicitFileType = wrapper.cfbundle; includeInIndex = 0; path = GiantGamesTests.xctest; sourceTree = BUILT_PRODUCTS_DIR; };
		C7B5148324BB68B9003760E1 /* Info.plist */ = {isa = PBXFileReference; lastKnownFileType = text.plist.xml; path = Info.plist; sourceTree = "<group>"; };
		C7B5148F24BB6BF2003760E1 /* DependencyInjection.swift */ = {isa = PBXFileReference; lastKnownFileType = sourcecode.swift; path = DependencyInjection.swift; sourceTree = "<group>"; };
		C7B5149324BB6D6F003760E1 /* HomePresenter.swift */ = {isa = PBXFileReference; lastKnownFileType = sourcecode.swift; path = HomePresenter.swift; sourceTree = "<group>"; };
		C7B5149424BB6D6F003760E1 /* HomeRouter.swift */ = {isa = PBXFileReference; lastKnownFileType = sourcecode.swift; path = HomeRouter.swift; sourceTree = "<group>"; };
		C7B5149524BB6D6F003760E1 /* HomeViewController.swift */ = {isa = PBXFileReference; lastKnownFileType = sourcecode.swift; path = HomeViewController.swift; sourceTree = "<group>"; };
		C7B5149624BB6D6F003760E1 /* HomeProtocols.swift */ = {isa = PBXFileReference; lastKnownFileType = sourcecode.swift; path = HomeProtocols.swift; sourceTree = "<group>"; };
		C7B5149724BB6D6F003760E1 /* HomeBuilder.swift */ = {isa = PBXFileReference; lastKnownFileType = sourcecode.swift; path = HomeBuilder.swift; sourceTree = "<group>"; };
		C7B5149824BB6D6F003760E1 /* HomeInteractor.swift */ = {isa = PBXFileReference; lastKnownFileType = sourcecode.swift; path = HomeInteractor.swift; sourceTree = "<group>"; };
		C7B5149924BB6D6F003760E1 /* HomeViewController.xib */ = {isa = PBXFileReference; lastKnownFileType = file.xib; path = HomeViewController.xib; sourceTree = "<group>"; };
		C7B514A324BB71A7003760E1 /* ApiClient.swift */ = {isa = PBXFileReference; lastKnownFileType = sourcecode.swift; path = ApiClient.swift; sourceTree = "<group>"; };
		C7B514A524BB723D003760E1 /* Endpoint.swift */ = {isa = PBXFileReference; lastKnownFileType = sourcecode.swift; path = Endpoint.swift; sourceTree = "<group>"; };
		C7B514A724BB7291003760E1 /* APIClientLogger.swift */ = {isa = PBXFileReference; lastKnownFileType = sourcecode.swift; path = APIClientLogger.swift; sourceTree = "<group>"; };
		C7B514AB24BB7324003760E1 /* URLRequest+cURLString.swift */ = {isa = PBXFileReference; lastKnownFileType = sourcecode.swift; path = "URLRequest+cURLString.swift"; sourceTree = "<group>"; };
		C7B514AD24BB735A003760E1 /* NoResult.swift */ = {isa = PBXFileReference; lastKnownFileType = sourcecode.swift; path = NoResult.swift; sourceTree = "<group>"; };
		C7B514B224BB7AA6003760E1 /* Endpoint+Game.swift */ = {isa = PBXFileReference; lastKnownFileType = sourcecode.swift; path = "Endpoint+Game.swift"; sourceTree = "<group>"; };
		C7B514B424BB7B45003760E1 /* GameCodable.swift */ = {isa = PBXFileReference; lastKnownFileType = sourcecode.swift; path = GameCodable.swift; sourceTree = "<group>"; };
		C7B514B724BB7CEE003760E1 /* DomainProtocols.swift */ = {isa = PBXFileReference; lastKnownFileType = sourcecode.swift; path = DomainProtocols.swift; sourceTree = "<group>"; };
		C7B514BA24BB7D37003760E1 /* Game.swift */ = {isa = PBXFileReference; lastKnownFileType = sourcecode.swift; path = Game.swift; sourceTree = "<group>"; };
		C7B514BD24BB7DB5003760E1 /* GameService.swift */ = {isa = PBXFileReference; lastKnownFileType = sourcecode.swift; path = GameService.swift; sourceTree = "<group>"; };
		C7B514C124BB8629003760E1 /* UITableView+GG.swift */ = {isa = PBXFileReference; lastKnownFileType = sourcecode.swift; path = "UITableView+GG.swift"; sourceTree = "<group>"; };
		C7B514C424BB868E003760E1 /* GameCell.swift */ = {isa = PBXFileReference; lastKnownFileType = sourcecode.swift; path = GameCell.swift; sourceTree = "<group>"; };
		C7B514C624BB8697003760E1 /* GameCell.xib */ = {isa = PBXFileReference; lastKnownFileType = file.xib; path = GameCell.xib; sourceTree = "<group>"; };
		C7B514C824BB8898003760E1 /* String+Class.swift */ = {isa = PBXFileReference; lastKnownFileType = sourcecode.swift; path = "String+Class.swift"; sourceTree = "<group>"; };
		C7B514CA24BB9058003760E1 /* HomeLocales.swift */ = {isa = PBXFileReference; lastKnownFileType = sourcecode.swift; path = HomeLocales.swift; sourceTree = "<group>"; };
		C7B514CC24BB90A5003760E1 /* String+Localization.swift */ = {isa = PBXFileReference; lastKnownFileType = sourcecode.swift; path = "String+Localization.swift"; sourceTree = "<group>"; };
		C7B514D824BB9206003760E1 /* LaunchScreen.storyboard */ = {isa = PBXFileReference; fileEncoding = 4; lastKnownFileType = file.storyboard; path = LaunchScreen.storyboard; sourceTree = "<group>"; };
		C7B514F024BB92E2003760E1 /* Base */ = {isa = PBXFileReference; lastKnownFileType = text.plist.strings; name = Base; path = Base.lproj/InfoPlist.strings; sourceTree = "<group>"; };
		C7B514F224BB92E2003760E1 /* Base */ = {isa = PBXFileReference; lastKnownFileType = text.plist.stringsdict; name = Base; path = Base.lproj/Localizable.stringsdict; sourceTree = "<group>"; };
		C7B514F424BB92E2003760E1 /* Base */ = {isa = PBXFileReference; lastKnownFileType = text.plist.strings; name = Base; path = Base.lproj/Localizable.strings; sourceTree = "<group>"; };
		C7B514F824BB92F9003760E1 /* en */ = {isa = PBXFileReference; lastKnownFileType = text.plist.strings; name = en; path = en.lproj/Localizable.strings; sourceTree = "<group>"; };
		C7B514FA24BB92FE003760E1 /* en */ = {isa = PBXFileReference; lastKnownFileType = text.plist.stringsdict; name = en; path = en.lproj/Localizable.stringsdict; sourceTree = "<group>"; };
		C7B514FC24BB9308003760E1 /* en */ = {isa = PBXFileReference; lastKnownFileType = text.plist.strings; name = en; path = en.lproj/InfoPlist.strings; sourceTree = "<group>"; };
		C7B5150424BBB46D003760E1 /* HomeTests.swift */ = {isa = PBXFileReference; lastKnownFileType = sourcecode.swift; path = HomeTests.swift; sourceTree = "<group>"; };
		C7B5150624BBB4B1003760E1 /* Mock.generated.swift */ = {isa = PBXFileReference; fileEncoding = 4; lastKnownFileType = sourcecode.swift; path = Mock.generated.swift; sourceTree = "<group>"; };
		C7B5150A24BC3DC4003760E1 /* GameMock.swift */ = {isa = PBXFileReference; lastKnownFileType = sourcecode.swift; path = GameMock.swift; sourceTree = "<group>"; };
		C7BD3C2A24BF140300E24DAC /* Endpoint+GameVideos.swift */ = {isa = PBXFileReference; lastKnownFileType = sourcecode.swift; path = "Endpoint+GameVideos.swift"; sourceTree = "<group>"; };
		C7BD3C2C24BF15E400E24DAC /* GameVideoService.swift */ = {isa = PBXFileReference; lastKnownFileType = sourcecode.swift; path = GameVideoService.swift; sourceTree = "<group>"; };
		C7BD3C2E24BF162800E24DAC /* GameVideo.swift */ = {isa = PBXFileReference; lastKnownFileType = sourcecode.swift; path = GameVideo.swift; sourceTree = "<group>"; };
		C7BD3C3024BF164F00E24DAC /* GameVideoCodable.swift */ = {isa = PBXFileReference; lastKnownFileType = sourcecode.swift; path = GameVideoCodable.swift; sourceTree = "<group>"; };
/* End PBXFileReference section */

/* Begin PBXFrameworksBuildPhase section */
		C7B5146424BB68B7003760E1 /* Frameworks */ = {
			isa = PBXFrameworksBuildPhase;
			buildActionMask = 2147483647;
			files = (
				E97CEB636B62F2B46D9DF006 /* Pods_GiantGames.framework in Frameworks */,
			);
			runOnlyForDeploymentPostprocessing = 0;
		};
		C7B5147A24BB68B9003760E1 /* Frameworks */ = {
			isa = PBXFrameworksBuildPhase;
			buildActionMask = 2147483647;
			files = (
				58AE9457DA5D58EDCC086594 /* Pods_GiantGamesTests.framework in Frameworks */,
			);
			runOnlyForDeploymentPostprocessing = 0;
		};
/* End PBXFrameworksBuildPhase section */

/* Begin PBXGroup section */
		C7901CF924BE4D8700692F2F /* Views */ = {
			isa = PBXGroup;
			children = (
				C7901CFA24BE4DB800692F2F /* GameDetailMediaCollectionView.swift */,
			);
			path = Views;
			sourceTree = "<group>";
		};
		C7901CFC24BE4EDA00692F2F /* Cells */ = {
			isa = PBXGroup;
			children = (
				C7901CFD24BE4EF600692F2F /* GameDetailImageCollectionViewCell.swift */,
				C7901CFF24BE4EFE00692F2F /* GameDetailImageCollectionViewCell.xib */,
				C723722524BF3CD8008F9E6D /* GameDetailVideoCollectionViewCell.swift */,
				C723722724BF3CE0008F9E6D /* GameDetailVideoCollectionViewCell.xib */,
			);
			path = Cells;
			sourceTree = "<group>";
		};
		C79A54A124BD05EA00AC0C46 /* GameDetail */ = {
			isa = PBXGroup;
			children = (
				C7901CF924BE4D8700692F2F /* Views */,
				C7901CFC24BE4EDA00692F2F /* Cells */,
				C79A54A624BD060200AC0C46 /* GameDetailBuilder.swift */,
				C79A54A724BD060200AC0C46 /* GameDetailInteractor.swift */,
				C76B01B524BF4BA4006D974B /* GameDetailLocales.swift */,
				C79A54A224BD060200AC0C46 /* GameDetailPresenter.swift */,
				C79A54A524BD060200AC0C46 /* GameDetailProtocols.swift */,
				C79A54A324BD060200AC0C46 /* GameDetailRouter.swift */,
				C79A54A424BD060200AC0C46 /* GameDetailViewController.swift */,
				C79A54A824BD060200AC0C46 /* GameDetailViewController.xib */,
			);
			path = GameDetail;
			sourceTree = "<group>";
		};
		C7B5145E24BB68B7003760E1 = {
			isa = PBXGroup;
			children = (
				C7B5146924BB68B7003760E1 /* GiantGames */,
				C7B5148024BB68B9003760E1 /* GiantGamesTests */,
				C7B5146824BB68B7003760E1 /* Products */,
				D228ACB3DB33ADDF26888791 /* Pods */,
				EC3E7C72F96C49D77B294909 /* Frameworks */,
			);
			sourceTree = "<group>";
		};
		C7B5146824BB68B7003760E1 /* Products */ = {
			isa = PBXGroup;
			children = (
				C7B5146724BB68B7003760E1 /* GiantGames.app */,
				C7B5147D24BB68B9003760E1 /* GiantGamesTests.xctest */,
			);
			name = Products;
			sourceTree = "<group>";
		};
		C7B5146924BB68B7003760E1 /* GiantGames */ = {
			isa = PBXGroup;
			children = (
				C7B5148C24BB6B8E003760E1 /* Sources */,
				C7B5148D24BB6B9A003760E1 /* Resources */,
			);
			path = GiantGames;
			sourceTree = "<group>";
		};
		C7B5148024BB68B9003760E1 /* GiantGamesTests */ = {
			isa = PBXGroup;
			children = (
				C7B514FE24BBB059003760E1 /* Sources */,
				C7B5150324BBB3E9003760E1 /* Resources */,
			);
			path = GiantGamesTests;
			sourceTree = "<group>";
		};
		C7B5148C24BB6B8E003760E1 /* Sources */ = {
			isa = PBXGroup;
			children = (
				C7B5148E24BB6BDD003760E1 /* Application */,
				C7B514A924BB72FF003760E1 /* Common */,
				C7B514A124BB7188003760E1 /* Data */,
				C7B514B924BB7D2B003760E1 /* Entities */,
				C7B5149124BB6CE7003760E1 /* Presentation */,
			);
			path = Sources;
			sourceTree = "<group>";
		};
		C7B5148D24BB6B9A003760E1 /* Resources */ = {
			isa = PBXGroup;
			children = (
				C7B514DA24BB92A7003760E1 /* Locales */,
				C7B5147324BB68B9003760E1 /* Assets.xcassets */,
				C7B514D824BB9206003760E1 /* LaunchScreen.storyboard */,
				C7B5147824BB68B9003760E1 /* Info.plist */,
			);
			path = Resources;
			sourceTree = "<group>";
		};
		C7B5148E24BB6BDD003760E1 /* Application */ = {
			isa = PBXGroup;
			children = (
				C7B5146A24BB68B7003760E1 /* AppDelegate.swift */,
				C7B5148F24BB6BF2003760E1 /* DependencyInjection.swift */,
			);
			path = Application;
			sourceTree = "<group>";
		};
		C7B5149124BB6CE7003760E1 /* Presentation */ = {
			isa = PBXGroup;
			children = (
				C79A54A124BD05EA00AC0C46 /* GameDetail */,
				C7B5149224BB6D00003760E1 /* Home */,
			);
			path = Presentation;
			sourceTree = "<group>";
		};
		C7B5149224BB6D00003760E1 /* Home */ = {
			isa = PBXGroup;
			children = (
				C7B514C324BB8682003760E1 /* Cells */,
				C7B5149724BB6D6F003760E1 /* HomeBuilder.swift */,
				C7B5149824BB6D6F003760E1 /* HomeInteractor.swift */,
				C7B514CA24BB9058003760E1 /* HomeLocales.swift */,
				C7B5149324BB6D6F003760E1 /* HomePresenter.swift */,
				C7B5149624BB6D6F003760E1 /* HomeProtocols.swift */,
				C7B5149424BB6D6F003760E1 /* HomeRouter.swift */,
				C7B5149524BB6D6F003760E1 /* HomeViewController.swift */,
				C7B5149924BB6D6F003760E1 /* HomeViewController.xib */,
			);
			path = Home;
			sourceTree = "<group>";
		};
		C7B514A124BB7188003760E1 /* Data */ = {
			isa = PBXGroup;
			children = (
				C7B514AF24BB7561003760E1 /* Services */,
				C7B514A224BB7197003760E1 /* Api */,
			);
			path = Data;
			sourceTree = "<group>";
		};
		C7B514A224BB7197003760E1 /* Api */ = {
			isa = PBXGroup;
			children = (
				C7B514A324BB71A7003760E1 /* ApiClient.swift */,
				C7B514A724BB7291003760E1 /* APIClientLogger.swift */,
				C7B514A524BB723D003760E1 /* Endpoint.swift */,
				C7B514AD24BB735A003760E1 /* NoResult.swift */,
			);
			path = Api;
			sourceTree = "<group>";
		};
		C7B514A924BB72FF003760E1 /* Common */ = {
			isa = PBXGroup;
			children = (
				C7B514B624BB7CD6003760E1 /* Protocols */,
				C7B514AA24BB730D003760E1 /* Extensions */,
			);
			path = Common;
			sourceTree = "<group>";
		};
		C7B514AA24BB730D003760E1 /* Extensions */ = {
			isa = PBXGroup;
			children = (
				C7B514BF24BB860D003760E1 /* Foundation */,
				C7B514C024BB8616003760E1 /* UIKit */,
			);
			path = Extensions;
			sourceTree = "<group>";
		};
		C7B514AF24BB7561003760E1 /* Services */ = {
			isa = PBXGroup;
			children = (
				C7B514B024BB756C003760E1 /* Remote */,
			);
			path = Services;
			sourceTree = "<group>";
		};
		C7B514B024BB756C003760E1 /* Remote */ = {
			isa = PBXGroup;
			children = (
				C7B514BC24BB7D89003760E1 /* Codables */,
				C7B514B124BB757B003760E1 /* Enpoints */,
				C79A54BB24BDF9B200AC0C46 /* GameImageService.swift */,
				C7B514BD24BB7DB5003760E1 /* GameService.swift */,
				C7BD3C2C24BF15E400E24DAC /* GameVideoService.swift */,
			);
			path = Remote;
			sourceTree = "<group>";
		};
		C7B514B124BB757B003760E1 /* Enpoints */ = {
			isa = PBXGroup;
			children = (
				C79A54B924BDF97B00AC0C46 /* Endpoint+Cover.swift */,
				C7B514B224BB7AA6003760E1 /* Endpoint+Game.swift */,
				C7BD3C2A24BF140300E24DAC /* Endpoint+GameVideos.swift */,
				C79A54C524BE382E00AC0C46 /* Endpoint+Screenshot.swift */,
			);
			path = Enpoints;
			sourceTree = "<group>";
		};
		C7B514B624BB7CD6003760E1 /* Protocols */ = {
			isa = PBXGroup;
			children = (
				C7B514B724BB7CEE003760E1 /* DomainProtocols.swift */,
			);
			path = Protocols;
			sourceTree = "<group>";
		};
		C7B514B924BB7D2B003760E1 /* Entities */ = {
			isa = PBXGroup;
			children = (
				C7B514BA24BB7D37003760E1 /* Game.swift */,
				C79A54B524BDF90200AC0C46 /* GameImage.swift */,
				C7BD3C2E24BF162800E24DAC /* GameVideo.swift */,
			);
			path = Entities;
			sourceTree = "<group>";
		};
		C7B514BC24BB7D89003760E1 /* Codables */ = {
			isa = PBXGroup;
			children = (
				C7B514B424BB7B45003760E1 /* GameCodable.swift */,
				C79A54B724BDF92E00AC0C46 /* GameImageCodable.swift */,
				C7BD3C3024BF164F00E24DAC /* GameVideoCodable.swift */,
			);
			path = Codables;
			sourceTree = "<group>";
		};
		C7B514BF24BB860D003760E1 /* Foundation */ = {
			isa = PBXGroup;
			children = (
				C7B514C824BB8898003760E1 /* String+Class.swift */,
				C7B514CC24BB90A5003760E1 /* String+Localization.swift */,
				C7B514AB24BB7324003760E1 /* URLRequest+cURLString.swift */,
			);
			path = Foundation;
			sourceTree = "<group>";
		};
		C7B514C024BB8616003760E1 /* UIKit */ = {
			isa = PBXGroup;
			children = (
				C7901D0124BE4FB000692F2F /* UICollectionView+GG.swift */,
				C7901D0324BE53CB00692F2F /* UIImageView+Fullscreen.swift */,
				C79A54BD24BE009200AC0C46 /* UIImageView+URL.swift */,
				C7B514C124BB8629003760E1 /* UITableView+GG.swift */,
				C79A54C124BE2F2500AC0C46 /* UIView+RoundCorners.swift */,
				C7901D0524BE53F000692F2F /* UIWindow+TopViewController.swift */,
			);
			path = UIKit;
			sourceTree = "<group>";
		};
		C7B514C324BB8682003760E1 /* Cells */ = {
			isa = PBXGroup;
			children = (
				C7B514C424BB868E003760E1 /* GameCell.swift */,
				C7B514C624BB8697003760E1 /* GameCell.xib */,
			);
			path = Cells;
			sourceTree = "<group>";
		};
		C7B514DA24BB92A7003760E1 /* Locales */ = {
			isa = PBXGroup;
			children = (
				C7B514EF24BB92E2003760E1 /* InfoPlist.strings */,
				C7B514F324BB92E2003760E1 /* Localizable.strings */,
				C7B514F124BB92E2003760E1 /* Localizable.stringsdict */,
			);
			path = Locales;
			sourceTree = "<group>";
		};
		C7B514FE24BBB059003760E1 /* Sources */ = {
			isa = PBXGroup;
			children = (
				C7B5150824BC3D9B003760E1 /* Data */,
				C7B514FF24BBB060003760E1 /* Presentation */,
			);
			path = Sources;
			sourceTree = "<group>";
		};
		C7B514FF24BBB060003760E1 /* Presentation */ = {
			isa = PBXGroup;
			children = (
				C7B5150024BBB068003760E1 /* Home */,
			);
			path = Presentation;
			sourceTree = "<group>";
		};
		C7B5150024BBB068003760E1 /* Home */ = {
			isa = PBXGroup;
			children = (
				C7B5150424BBB46D003760E1 /* HomeTests.swift */,
			);
			path = Home;
			sourceTree = "<group>";
		};
		C7B5150324BBB3E9003760E1 /* Resources */ = {
			isa = PBXGroup;
			children = (
				C7B5150624BBB4B1003760E1 /* Mock.generated.swift */,
				C7B5148324BB68B9003760E1 /* Info.plist */,
			);
			path = Resources;
			sourceTree = "<group>";
		};
		C7B5150824BC3D9B003760E1 /* Data */ = {
			isa = PBXGroup;
			children = (
				C7B5150924BC3DB0003760E1 /* Mock */,
			);
			path = Data;
			sourceTree = "<group>";
		};
		C7B5150924BC3DB0003760E1 /* Mock */ = {
			isa = PBXGroup;
			children = (
				C7B5150A24BC3DC4003760E1 /* GameMock.swift */,
			);
			path = Mock;
			sourceTree = "<group>";
		};
		D228ACB3DB33ADDF26888791 /* Pods */ = {
			isa = PBXGroup;
			children = (
				B3AF01CFB2F62076D175F474 /* Pods-GiantGames.debug.xcconfig */,
				A173B29BA73E030CE2F756E2 /* Pods-GiantGames.release.xcconfig */,
				32053BDD4D1039C11657A045 /* Pods-GiantGamesTests.debug.xcconfig */,
				216C57A5A88F4736C56CA58F /* Pods-GiantGamesTests.release.xcconfig */,
			);
			path = Pods;
			sourceTree = "<group>";
		};
		EC3E7C72F96C49D77B294909 /* Frameworks */ = {
			isa = PBXGroup;
			children = (
				B3E5E80E6D14A5577E733EDC /* Pods_GiantGames.framework */,
				7E94386C80C06011F2350431 /* Pods_GiantGamesTests.framework */,
			);
			name = Frameworks;
			sourceTree = "<group>";
		};
/* End PBXGroup section */

/* Begin PBXNativeTarget section */
		C7B5146624BB68B7003760E1 /* GiantGames */ = {
			isa = PBXNativeTarget;
			buildConfigurationList = C7B5148624BB68B9003760E1 /* Build configuration list for PBXNativeTarget "GiantGames" */;
			buildPhases = (
				77A6E4BC3B4298451495E912 /* [CP] Check Pods Manifest.lock */,
				C7B5146324BB68B7003760E1 /* Sources */,
				C7B5146424BB68B7003760E1 /* Frameworks */,
				C7B5146524BB68B7003760E1 /* Resources */,
				B2D6303CD30CB4FD48A7908E /* [CP] Embed Pods Frameworks */,
			);
			buildRules = (
			);
			dependencies = (
			);
			name = GiantGames;
			productName = GiantGames;
			productReference = C7B5146724BB68B7003760E1 /* GiantGames.app */;
			productType = "com.apple.product-type.application";
		};
		C7B5147C24BB68B9003760E1 /* GiantGamesTests */ = {
			isa = PBXNativeTarget;
			buildConfigurationList = C7B5148924BB68B9003760E1 /* Build configuration list for PBXNativeTarget "GiantGamesTests" */;
			buildPhases = (
				5247C6D9B4F66D2C066A2281 /* [CP] Check Pods Manifest.lock */,
				C79A54B024BD93DE00AC0C46 /* SwiftLint */,
				C7B5147924BB68B9003760E1 /* Sources */,
				C7B5147A24BB68B9003760E1 /* Frameworks */,
				C7B5147B24BB68B9003760E1 /* Resources */,
				04C8B88A8D0EC605E9953C96 /* [CP] Embed Pods Frameworks */,
			);
			buildRules = (
			);
			dependencies = (
				C7B5147F24BB68B9003760E1 /* PBXTargetDependency */,
			);
			name = GiantGamesTests;
			productName = GiantGamesTests;
			productReference = C7B5147D24BB68B9003760E1 /* GiantGamesTests.xctest */;
			productType = "com.apple.product-type.bundle.unit-test";
		};
/* End PBXNativeTarget section */

/* Begin PBXProject section */
		C7B5145F24BB68B7003760E1 /* Project object */ = {
			isa = PBXProject;
			attributes = {
				LastSwiftUpdateCheck = 1150;
				LastUpgradeCheck = 1150;
				ORGANIZATIONNAME = GiantGames;
				TargetAttributes = {
					C7B5146624BB68B7003760E1 = {
						CreatedOnToolsVersion = 11.5;
					};
					C7B5147C24BB68B9003760E1 = {
						CreatedOnToolsVersion = 11.5;
						TestTargetID = C7B5146624BB68B7003760E1;
					};
				};
			};
			buildConfigurationList = C7B5146224BB68B7003760E1 /* Build configuration list for PBXProject "GiantGames" */;
			compatibilityVersion = "Xcode 9.3";
			developmentRegion = en;
			hasScannedForEncodings = 0;
			knownRegions = (
				en,
				Base,
			);
			mainGroup = C7B5145E24BB68B7003760E1;
			productRefGroup = C7B5146824BB68B7003760E1 /* Products */;
			projectDirPath = "";
			projectRoot = "";
			targets = (
				C7B5146624BB68B7003760E1 /* GiantGames */,
				C7B5147C24BB68B9003760E1 /* GiantGamesTests */,
			);
		};
/* End PBXProject section */

/* Begin PBXResourcesBuildPhase section */
		C7B5146524BB68B7003760E1 /* Resources */ = {
			isa = PBXResourcesBuildPhase;
			buildActionMask = 2147483647;
			files = (
				C7B5147424BB68B9003760E1 /* Assets.xcassets in Resources */,
				C723722824BF3CE0008F9E6D /* GameDetailVideoCollectionViewCell.xib in Resources */,
				C79A54AF24BD060200AC0C46 /* GameDetailViewController.xib in Resources */,
				C7B514D924BB9206003760E1 /* LaunchScreen.storyboard in Resources */,
				C7B514A024BB6D6F003760E1 /* HomeViewController.xib in Resources */,
				C7B514F724BB92E2003760E1 /* Localizable.strings in Resources */,
				C7B514C724BB8697003760E1 /* GameCell.xib in Resources */,
				C7B514F524BB92E2003760E1 /* InfoPlist.strings in Resources */,
				C7B514F624BB92E2003760E1 /* Localizable.stringsdict in Resources */,
				C7901D0024BE4EFE00692F2F /* GameDetailImageCollectionViewCell.xib in Resources */,
			);
			runOnlyForDeploymentPostprocessing = 0;
		};
		C7B5147B24BB68B9003760E1 /* Resources */ = {
			isa = PBXResourcesBuildPhase;
			buildActionMask = 2147483647;
			files = (
			);
			runOnlyForDeploymentPostprocessing = 0;
		};
/* End PBXResourcesBuildPhase section */

/* Begin PBXShellScriptBuildPhase section */
		04C8B88A8D0EC605E9953C96 /* [CP] Embed Pods Frameworks */ = {
			isa = PBXShellScriptBuildPhase;
			buildActionMask = 2147483647;
			files = (
			);
			inputFileListPaths = (
				"${PODS_ROOT}/Target Support Files/Pods-GiantGamesTests/Pods-GiantGamesTests-frameworks-${CONFIGURATION}-input-files.xcfilelist",
			);
			name = "[CP] Embed Pods Frameworks";
			outputFileListPaths = (
				"${PODS_ROOT}/Target Support Files/Pods-GiantGamesTests/Pods-GiantGamesTests-frameworks-${CONFIGURATION}-output-files.xcfilelist",
			);
			runOnlyForDeploymentPostprocessing = 0;
			shellPath = /bin/sh;
			shellScript = "\"${PODS_ROOT}/Target Support Files/Pods-GiantGamesTests/Pods-GiantGamesTests-frameworks.sh\"\n";
			showEnvVarsInLog = 0;
		};
		5247C6D9B4F66D2C066A2281 /* [CP] Check Pods Manifest.lock */ = {
			isa = PBXShellScriptBuildPhase;
			buildActionMask = 2147483647;
			files = (
			);
			inputFileListPaths = (
			);
			inputPaths = (
				"${PODS_PODFILE_DIR_PATH}/Podfile.lock",
				"${PODS_ROOT}/Manifest.lock",
			);
			name = "[CP] Check Pods Manifest.lock";
			outputFileListPaths = (
			);
			outputPaths = (
				"$(DERIVED_FILE_DIR)/Pods-GiantGamesTests-checkManifestLockResult.txt",
			);
			runOnlyForDeploymentPostprocessing = 0;
			shellPath = /bin/sh;
			shellScript = "diff \"${PODS_PODFILE_DIR_PATH}/Podfile.lock\" \"${PODS_ROOT}/Manifest.lock\" > /dev/null\nif [ $? != 0 ] ; then\n    # print error to STDERR\n    echo \"error: The sandbox is not in sync with the Podfile.lock. Run 'pod install' or update your CocoaPods installation.\" >&2\n    exit 1\nfi\n# This output is used by Xcode 'outputs' to avoid re-running this script phase.\necho \"SUCCESS\" > \"${SCRIPT_OUTPUT_FILE_0}\"\n";
			showEnvVarsInLog = 0;
		};
		77A6E4BC3B4298451495E912 /* [CP] Check Pods Manifest.lock */ = {
			isa = PBXShellScriptBuildPhase;
			buildActionMask = 2147483647;
			files = (
			);
			inputFileListPaths = (
			);
			inputPaths = (
				"${PODS_PODFILE_DIR_PATH}/Podfile.lock",
				"${PODS_ROOT}/Manifest.lock",
			);
			name = "[CP] Check Pods Manifest.lock";
			outputFileListPaths = (
			);
			outputPaths = (
				"$(DERIVED_FILE_DIR)/Pods-GiantGames-checkManifestLockResult.txt",
			);
			runOnlyForDeploymentPostprocessing = 0;
			shellPath = /bin/sh;
			shellScript = "diff \"${PODS_PODFILE_DIR_PATH}/Podfile.lock\" \"${PODS_ROOT}/Manifest.lock\" > /dev/null\nif [ $? != 0 ] ; then\n    # print error to STDERR\n    echo \"error: The sandbox is not in sync with the Podfile.lock. Run 'pod install' or update your CocoaPods installation.\" >&2\n    exit 1\nfi\n# This output is used by Xcode 'outputs' to avoid re-running this script phase.\necho \"SUCCESS\" > \"${SCRIPT_OUTPUT_FILE_0}\"\n";
			showEnvVarsInLog = 0;
		};
		B2D6303CD30CB4FD48A7908E /* [CP] Embed Pods Frameworks */ = {
			isa = PBXShellScriptBuildPhase;
			buildActionMask = 2147483647;
			files = (
			);
			inputFileListPaths = (
				"${PODS_ROOT}/Target Support Files/Pods-GiantGames/Pods-GiantGames-frameworks-${CONFIGURATION}-input-files.xcfilelist",
			);
			name = "[CP] Embed Pods Frameworks";
			outputFileListPaths = (
				"${PODS_ROOT}/Target Support Files/Pods-GiantGames/Pods-GiantGames-frameworks-${CONFIGURATION}-output-files.xcfilelist",
			);
			runOnlyForDeploymentPostprocessing = 0;
			shellPath = /bin/sh;
			shellScript = "\"${PODS_ROOT}/Target Support Files/Pods-GiantGames/Pods-GiantGames-frameworks.sh\"\n";
			showEnvVarsInLog = 0;
		};
		C79A54B024BD93DE00AC0C46 /* SwiftLint */ = {
			isa = PBXShellScriptBuildPhase;
			buildActionMask = 2147483647;
			files = (
			);
			inputFileListPaths = (
			);
			inputPaths = (
			);
			name = SwiftLint;
			outputFileListPaths = (
			);
			outputPaths = (
			);
			runOnlyForDeploymentPostprocessing = 0;
			shellPath = /bin/sh;
			shellScript = "\"${PODS_ROOT}/SwiftLint/swiftlint\" autocorrect --config \".swiftlint.yml\"\n";
		};
/* End PBXShellScriptBuildPhase section */

/* Begin PBXSourcesBuildPhase section */
		C7B5146324BB68B7003760E1 /* Sources */ = {
			isa = PBXSourcesBuildPhase;
			buildActionMask = 2147483647;
			files = (
				C79A54C224BE2F2500AC0C46 /* UIView+RoundCorners.swift in Sources */,
				C7B5149C24BB6D6F003760E1 /* HomeViewController.swift in Sources */,
				C7B5149A24BB6D6F003760E1 /* HomePresenter.swift in Sources */,
				C7BD3C2F24BF162800E24DAC /* GameVideo.swift in Sources */,
				C7B514C224BB8629003760E1 /* UITableView+GG.swift in Sources */,
				C7B514A424BB71A7003760E1 /* ApiClient.swift in Sources */,
				C79A54BE24BE009200AC0C46 /* UIImageView+URL.swift in Sources */,
				C79A54BC24BDF9B200AC0C46 /* GameImageService.swift in Sources */,
				C7B514BE24BB7DB5003760E1 /* GameService.swift in Sources */,
				C7BD3C3124BF164F00E24DAC /* GameVideoCodable.swift in Sources */,
				C7B514A824BB7291003760E1 /* APIClientLogger.swift in Sources */,
				C79A54AD24BD060200AC0C46 /* GameDetailBuilder.swift in Sources */,
				C79A54BA24BDF97B00AC0C46 /* Endpoint+Cover.swift in Sources */,
				C79A54AE24BD060200AC0C46 /* GameDetailInteractor.swift in Sources */,
				C7B5149B24BB6D6F003760E1 /* HomeRouter.swift in Sources */,
				C7901D0224BE4FB000692F2F /* UICollectionView+GG.swift in Sources */,
				C79A54B824BDF92E00AC0C46 /* GameImageCodable.swift in Sources */,
				C7B514A624BB723D003760E1 /* Endpoint.swift in Sources */,
				C7B5149F24BB6D6F003760E1 /* HomeInteractor.swift in Sources */,
				C79A54AC24BD060200AC0C46 /* GameDetailProtocols.swift in Sources */,
				C79A54A924BD060200AC0C46 /* GameDetailPresenter.swift in Sources */,
				C79A54B624BDF90200AC0C46 /* GameImage.swift in Sources */,
				C7B514CB24BB9058003760E1 /* HomeLocales.swift in Sources */,
				C723722624BF3CD8008F9E6D /* GameDetailVideoCollectionViewCell.swift in Sources */,
				C79A54AA24BD060200AC0C46 /* GameDetailRouter.swift in Sources */,
				C7BD3C2D24BF15E400E24DAC /* GameVideoService.swift in Sources */,
				C7B5149E24BB6D6F003760E1 /* HomeBuilder.swift in Sources */,
				C79A54C624BE382E00AC0C46 /* Endpoint+Screenshot.swift in Sources */,
				C7BD3C2B24BF140300E24DAC /* Endpoint+GameVideos.swift in Sources */,
				C7B5149024BB6BF2003760E1 /* DependencyInjection.swift in Sources */,
				C7901CFE24BE4EF600692F2F /* GameDetailImageCollectionViewCell.swift in Sources */,
				C7B514CD24BB90A5003760E1 /* String+Localization.swift in Sources */,
				C7B5149D24BB6D6F003760E1 /* HomeProtocols.swift in Sources */,
				C7B514AC24BB7324003760E1 /* URLRequest+cURLString.swift in Sources */,
				C7B514C924BB8898003760E1 /* String+Class.swift in Sources */,
				C7B514AE24BB735A003760E1 /* NoResult.swift in Sources */,
				C7B514B524BB7B45003760E1 /* GameCodable.swift in Sources */,
				C7901D0624BE53F000692F2F /* UIWindow+TopViewController.swift in Sources */,
				C7B514C524BB868E003760E1 /* GameCell.swift in Sources */,
				C7B514BB24BB7D37003760E1 /* Game.swift in Sources */,
				C76B01B624BF4BA4006D974B /* GameDetailLocales.swift in Sources */,
				C7901D0424BE53CB00692F2F /* UIImageView+Fullscreen.swift in Sources */,
				C7B514B824BB7CEE003760E1 /* DomainProtocols.swift in Sources */,
				C7B514B324BB7AA6003760E1 /* Endpoint+Game.swift in Sources */,
				C7B5146B24BB68B7003760E1 /* AppDelegate.swift in Sources */,
				C7901CFB24BE4DB800692F2F /* GameDetailMediaCollectionView.swift in Sources */,
				C79A54AB24BD060200AC0C46 /* GameDetailViewController.swift in Sources */,
			);
			runOnlyForDeploymentPostprocessing = 0;
		};
		C7B5147924BB68B9003760E1 /* Sources */ = {
			isa = PBXSourcesBuildPhase;
			buildActionMask = 2147483647;
			files = (
				C7B5150724BBB4B2003760E1 /* Mock.generated.swift in Sources */,
				C7B5150B24BC3DC4003760E1 /* GameMock.swift in Sources */,
				C7B5150524BBB46D003760E1 /* HomeTests.swift in Sources */,
			);
			runOnlyForDeploymentPostprocessing = 0;
		};
/* End PBXSourcesBuildPhase section */

/* Begin PBXTargetDependency section */
		C7B5147F24BB68B9003760E1 /* PBXTargetDependency */ = {
			isa = PBXTargetDependency;
			target = C7B5146624BB68B7003760E1 /* GiantGames */;
			targetProxy = C7B5147E24BB68B9003760E1 /* PBXContainerItemProxy */;
		};
/* End PBXTargetDependency section */

/* Begin PBXVariantGroup section */
		C7B514EF24BB92E2003760E1 /* InfoPlist.strings */ = {
			isa = PBXVariantGroup;
			children = (
				C7B514F024BB92E2003760E1 /* Base */,
				C7B514FC24BB9308003760E1 /* en */,
			);
			name = InfoPlist.strings;
			sourceTree = "<group>";
		};
		C7B514F124BB92E2003760E1 /* Localizable.stringsdict */ = {
			isa = PBXVariantGroup;
			children = (
				C7B514F224BB92E2003760E1 /* Base */,
				C7B514FA24BB92FE003760E1 /* en */,
			);
			name = Localizable.stringsdict;
			sourceTree = "<group>";
		};
		C7B514F324BB92E2003760E1 /* Localizable.strings */ = {
			isa = PBXVariantGroup;
			children = (
				C7B514F424BB92E2003760E1 /* Base */,
				C7B514F824BB92F9003760E1 /* en */,
			);
			name = Localizable.strings;
			sourceTree = "<group>";
		};
/* End PBXVariantGroup section */

/* Begin XCBuildConfiguration section */
		C7B5148424BB68B9003760E1 /* Debug */ = {
			isa = XCBuildConfiguration;
			buildSettings = {
				ALWAYS_SEARCH_USER_PATHS = NO;
				CLANG_ANALYZER_NONNULL = YES;
				CLANG_ANALYZER_NUMBER_OBJECT_CONVERSION = YES_AGGRESSIVE;
				CLANG_CXX_LANGUAGE_STANDARD = "gnu++14";
				CLANG_CXX_LIBRARY = "libc++";
				CLANG_ENABLE_MODULES = YES;
				CLANG_ENABLE_OBJC_ARC = YES;
				CLANG_ENABLE_OBJC_WEAK = YES;
				CLANG_WARN_BLOCK_CAPTURE_AUTORELEASING = YES;
				CLANG_WARN_BOOL_CONVERSION = YES;
				CLANG_WARN_COMMA = YES;
				CLANG_WARN_CONSTANT_CONVERSION = YES;
				CLANG_WARN_DEPRECATED_OBJC_IMPLEMENTATIONS = YES;
				CLANG_WARN_DIRECT_OBJC_ISA_USAGE = YES_ERROR;
				CLANG_WARN_DOCUMENTATION_COMMENTS = YES;
				CLANG_WARN_EMPTY_BODY = YES;
				CLANG_WARN_ENUM_CONVERSION = YES;
				CLANG_WARN_INFINITE_RECURSION = YES;
				CLANG_WARN_INT_CONVERSION = YES;
				CLANG_WARN_NON_LITERAL_NULL_CONVERSION = YES;
				CLANG_WARN_OBJC_IMPLICIT_RETAIN_SELF = YES;
				CLANG_WARN_OBJC_LITERAL_CONVERSION = YES;
				CLANG_WARN_OBJC_ROOT_CLASS = YES_ERROR;
				CLANG_WARN_RANGE_LOOP_ANALYSIS = YES;
				CLANG_WARN_STRICT_PROTOTYPES = YES;
				CLANG_WARN_SUSPICIOUS_MOVE = YES;
				CLANG_WARN_UNGUARDED_AVAILABILITY = YES_AGGRESSIVE;
				CLANG_WARN_UNREACHABLE_CODE = YES;
				CLANG_WARN__DUPLICATE_METHOD_MATCH = YES;
				COPY_PHASE_STRIP = NO;
				DEBUG_INFORMATION_FORMAT = dwarf;
				ENABLE_STRICT_OBJC_MSGSEND = YES;
				ENABLE_TESTABILITY = YES;
				GCC_C_LANGUAGE_STANDARD = gnu11;
				GCC_DYNAMIC_NO_PIC = NO;
				GCC_NO_COMMON_BLOCKS = YES;
				GCC_OPTIMIZATION_LEVEL = 0;
				GCC_PREPROCESSOR_DEFINITIONS = (
					"DEBUG=1",
					"$(inherited)",
				);
				GCC_WARN_64_TO_32_BIT_CONVERSION = YES;
				GCC_WARN_ABOUT_RETURN_TYPE = YES_ERROR;
				GCC_WARN_UNDECLARED_SELECTOR = YES;
				GCC_WARN_UNINITIALIZED_AUTOS = YES_AGGRESSIVE;
				GCC_WARN_UNUSED_FUNCTION = YES;
				GCC_WARN_UNUSED_VARIABLE = YES;
				IPHONEOS_DEPLOYMENT_TARGET = 13.0;
				MTL_ENABLE_DEBUG_INFO = INCLUDE_SOURCE;
				MTL_FAST_MATH = YES;
				ONLY_ACTIVE_ARCH = YES;
				SDKROOT = iphoneos;
				SWIFT_ACTIVE_COMPILATION_CONDITIONS = DEBUG;
				SWIFT_OPTIMIZATION_LEVEL = "-Onone";
			};
			name = Debug;
		};
		C7B5148524BB68B9003760E1 /* Release */ = {
			isa = XCBuildConfiguration;
			buildSettings = {
				ALWAYS_SEARCH_USER_PATHS = NO;
				CLANG_ANALYZER_NONNULL = YES;
				CLANG_ANALYZER_NUMBER_OBJECT_CONVERSION = YES_AGGRESSIVE;
				CLANG_CXX_LANGUAGE_STANDARD = "gnu++14";
				CLANG_CXX_LIBRARY = "libc++";
				CLANG_ENABLE_MODULES = YES;
				CLANG_ENABLE_OBJC_ARC = YES;
				CLANG_ENABLE_OBJC_WEAK = YES;
				CLANG_WARN_BLOCK_CAPTURE_AUTORELEASING = YES;
				CLANG_WARN_BOOL_CONVERSION = YES;
				CLANG_WARN_COMMA = YES;
				CLANG_WARN_CONSTANT_CONVERSION = YES;
				CLANG_WARN_DEPRECATED_OBJC_IMPLEMENTATIONS = YES;
				CLANG_WARN_DIRECT_OBJC_ISA_USAGE = YES_ERROR;
				CLANG_WARN_DOCUMENTATION_COMMENTS = YES;
				CLANG_WARN_EMPTY_BODY = YES;
				CLANG_WARN_ENUM_CONVERSION = YES;
				CLANG_WARN_INFINITE_RECURSION = YES;
				CLANG_WARN_INT_CONVERSION = YES;
				CLANG_WARN_NON_LITERAL_NULL_CONVERSION = YES;
				CLANG_WARN_OBJC_IMPLICIT_RETAIN_SELF = YES;
				CLANG_WARN_OBJC_LITERAL_CONVERSION = YES;
				CLANG_WARN_OBJC_ROOT_CLASS = YES_ERROR;
				CLANG_WARN_RANGE_LOOP_ANALYSIS = YES;
				CLANG_WARN_STRICT_PROTOTYPES = YES;
				CLANG_WARN_SUSPICIOUS_MOVE = YES;
				CLANG_WARN_UNGUARDED_AVAILABILITY = YES_AGGRESSIVE;
				CLANG_WARN_UNREACHABLE_CODE = YES;
				CLANG_WARN__DUPLICATE_METHOD_MATCH = YES;
				COPY_PHASE_STRIP = NO;
				DEBUG_INFORMATION_FORMAT = "dwarf-with-dsym";
				ENABLE_NS_ASSERTIONS = NO;
				ENABLE_STRICT_OBJC_MSGSEND = YES;
				GCC_C_LANGUAGE_STANDARD = gnu11;
				GCC_NO_COMMON_BLOCKS = YES;
				GCC_WARN_64_TO_32_BIT_CONVERSION = YES;
				GCC_WARN_ABOUT_RETURN_TYPE = YES_ERROR;
				GCC_WARN_UNDECLARED_SELECTOR = YES;
				GCC_WARN_UNINITIALIZED_AUTOS = YES_AGGRESSIVE;
				GCC_WARN_UNUSED_FUNCTION = YES;
				GCC_WARN_UNUSED_VARIABLE = YES;
				IPHONEOS_DEPLOYMENT_TARGET = 13.0;
				MTL_ENABLE_DEBUG_INFO = NO;
				MTL_FAST_MATH = YES;
				SDKROOT = iphoneos;
				SWIFT_COMPILATION_MODE = wholemodule;
				SWIFT_OPTIMIZATION_LEVEL = "-O";
				VALIDATE_PRODUCT = YES;
			};
			name = Release;
		};
		C7B5148724BB68B9003760E1 /* Debug */ = {
			isa = XCBuildConfiguration;
			baseConfigurationReference = B3AF01CFB2F62076D175F474 /* Pods-GiantGames.debug.xcconfig */;
			buildSettings = {
				ASSETCATALOG_COMPILER_APPICON_NAME = AppIcon;
				ASSETCATALOG_COMPILER_LAUNCHIMAGE_NAME = "";
				CODE_SIGN_STYLE = Automatic;
				INFOPLIST_FILE = GiantGames/Resources/Info.plist;
				LD_RUNPATH_SEARCH_PATHS = (
					"$(inherited)",
					"@executable_path/Frameworks",
				);
				PRODUCT_BUNDLE_IDENTIFIER = com.giantgames;
				PRODUCT_NAME = "$(TARGET_NAME)";
				SWIFT_VERSION = 5.0;
				TARGETED_DEVICE_FAMILY = 1;
			};
			name = Debug;
		};
		C7B5148824BB68B9003760E1 /* Release */ = {
			isa = XCBuildConfiguration;
			baseConfigurationReference = A173B29BA73E030CE2F756E2 /* Pods-GiantGames.release.xcconfig */;
			buildSettings = {
				ASSETCATALOG_COMPILER_APPICON_NAME = AppIcon;
				ASSETCATALOG_COMPILER_LAUNCHIMAGE_NAME = "";
				CODE_SIGN_STYLE = Automatic;
				INFOPLIST_FILE = GiantGames/Resources/Info.plist;
				LD_RUNPATH_SEARCH_PATHS = (
					"$(inherited)",
					"@executable_path/Frameworks",
				);
				PRODUCT_BUNDLE_IDENTIFIER = com.giantgames;
				PRODUCT_NAME = "$(TARGET_NAME)";
				SWIFT_VERSION = 5.0;
				TARGETED_DEVICE_FAMILY = 1;
			};
			name = Release;
		};
		C7B5148A24BB68B9003760E1 /* Debug */ = {
			isa = XCBuildConfiguration;
			baseConfigurationReference = 32053BDD4D1039C11657A045 /* Pods-GiantGamesTests.debug.xcconfig */;
			buildSettings = {
				BUNDLE_LOADER = "$(TEST_HOST)";
				CODE_SIGN_STYLE = Automatic;
				INFOPLIST_FILE = GiantGamesTests/Resources/Info.plist;
				IPHONEOS_DEPLOYMENT_TARGET = 13.5;
				LD_RUNPATH_SEARCH_PATHS = (
					"$(inherited)",
					"@executable_path/Frameworks",
					"@loader_path/Frameworks",
				);
				PRODUCT_BUNDLE_IDENTIFIER = GiantGames.GiantGamesTests;
				PRODUCT_NAME = "$(TARGET_NAME)";
				SWIFT_VERSION = 5.0;
				TARGETED_DEVICE_FAMILY = "1,2";
				TEST_HOST = "$(BUILT_PRODUCTS_DIR)/GiantGames.app/GiantGames";
			};
			name = Debug;
		};
		C7B5148B24BB68B9003760E1 /* Release */ = {
			isa = XCBuildConfiguration;
			baseConfigurationReference = 216C57A5A88F4736C56CA58F /* Pods-GiantGamesTests.release.xcconfig */;
			buildSettings = {
				BUNDLE_LOADER = "$(TEST_HOST)";
				CODE_SIGN_STYLE = Automatic;
				INFOPLIST_FILE = GiantGamesTests/Resources/Info.plist;
				IPHONEOS_DEPLOYMENT_TARGET = 13.5;
				LD_RUNPATH_SEARCH_PATHS = (
					"$(inherited)",
					"@executable_path/Frameworks",
					"@loader_path/Frameworks",
				);
				PRODUCT_BUNDLE_IDENTIFIER = GiantGames.GiantGamesTests;
				PRODUCT_NAME = "$(TARGET_NAME)";
				SWIFT_VERSION = 5.0;
				TARGETED_DEVICE_FAMILY = "1,2";
				TEST_HOST = "$(BUILT_PRODUCTS_DIR)/GiantGames.app/GiantGames";
			};
			name = Release;
		};
/* End XCBuildConfiguration section */

/* Begin XCConfigurationList section */
		C7B5146224BB68B7003760E1 /* Build configuration list for PBXProject "GiantGames" */ = {
			isa = XCConfigurationList;
			buildConfigurations = (
				C7B5148424BB68B9003760E1 /* Debug */,
				C7B5148524BB68B9003760E1 /* Release */,
			);
			defaultConfigurationIsVisible = 0;
			defaultConfigurationName = Release;
		};
		C7B5148624BB68B9003760E1 /* Build configuration list for PBXNativeTarget "GiantGames" */ = {
			isa = XCConfigurationList;
			buildConfigurations = (
				C7B5148724BB68B9003760E1 /* Debug */,
				C7B5148824BB68B9003760E1 /* Release */,
			);
			defaultConfigurationIsVisible = 0;
			defaultConfigurationName = Release;
		};
		C7B5148924BB68B9003760E1 /* Build configuration list for PBXNativeTarget "GiantGamesTests" */ = {
			isa = XCConfigurationList;
			buildConfigurations = (
				C7B5148A24BB68B9003760E1 /* Debug */,
				C7B5148B24BB68B9003760E1 /* Release */,
			);
			defaultConfigurationIsVisible = 0;
			defaultConfigurationName = Release;
		};
/* End XCConfigurationList section */
	};
	rootObject = C7B5145F24BB68B7003760E1 /* Project object */;
}
